
Microsoft Visual Studio Solution File, Format Version 12.00
# Visual Studio 15
VisualStudioVersion = 15.0.28010.2036
MinimumVisualStudioVersion = 10.0.40219.1
Project("{FAE04EC0-301F-11D3-BF4B-00C04F79EFBC}") = "AwaitAsyncExample", "AwaitAsyncExample\AwaitAsyncExample.csproj", "{A3034FB3-ACD4-467E-8AEA-211FAB2C1F34}"
EndProject
Global
	GlobalSection(SolutionConfigurationPlatforms) = preSolution
		Debug|Any CPU = Debug|Any CPU
		Release|Any CPU = Release|Any CPU
	EndGlobalSection
	GlobalSection(ProjectConfigurationPlatforms) = postSolution
		{A3034FB3-ACD4-467E-8AEA-211FAB2C1F34}.Debug|Any CPU.ActiveCfg = Debug|Any CPU
		{A3034FB3-ACD4-467E-8AEA-211FAB2C1F34}.Debug|Any CPU.Build.0 = Debug|Any CPU
		{A3034FB3-ACD4-467E-8AEA-211FAB2C1F34}.Release|Any CPU.ActiveCfg = Release|Any CPU
		{A3034FB3-ACD4-467E-8AEA-211FAB2C1F34}.Release|Any CPU.Build.0 = Release|Any CPU
	EndGlobalSection
	GlobalSection(SolutionProperties) = preSolution
		HideSolutionNode = FALSE
	EndGlobalSection
	GlobalSection(ExtensibilityGlobals) = postSolution
		SolutionGuid = {40B9044F-2660-418C-B8B1-E886CC2227BE}
	EndGlobalSection
EndGlobal
